
Microsoft Visual Studio Solution File, Format Version 12.00
# Visual Studio Version 17
VisualStudioVersion = 17.11.35312.102
MinimumVisualStudioVersion = 10.0.40219.1
Project("{FAE04EC0-301F-11D3-BF4B-00C04F79EFBC}") = "mvc-gestao-de-proventos", "mvc-gestao-de-proventos.csproj", "{067985DB-2761-4EF2-BC49-AC80C5C66FCE}"
EndProject
Global
	GlobalSection(SolutionConfigurationPlatforms) = preSolution
		Debug|Any CPU = Debug|Any CPU
		Release|Any CPU = Release|Any CPU
	EndGlobalSection
	GlobalSection(ProjectConfigurationPlatforms) = postSolution
		{067985DB-2761-4EF2-BC49-AC80C5C66FCE}.Debug|Any CPU.ActiveCfg = Debug|Any CPU
		{067985DB-2761-4EF2-BC49-AC80C5C66FCE}.Debug|Any CPU.Build.0 = Debug|Any CPU
		{067985DB-2761-4EF2-BC49-AC80C5C66FCE}.Release|Any CPU.ActiveCfg = Release|Any CPU
		{067985DB-2761-4EF2-BC49-AC80C5C66FCE}.Release|Any CPU.Build.0 = Release|Any CPU
	EndGlobalSection
	GlobalSection(SolutionProperties) = preSolution
		HideSolutionNode = FALSE
	EndGlobalSection
	GlobalSection(ExtensibilityGlobals) = postSolution
		SolutionGuid = {E7530D1D-120E-4FE8-A042-EC1B2BBC6A55}
	EndGlobalSection
EndGlobal
